{
  "name": "imagedata-coder-stos",
  "version": "1.0.0",
  "lockfileVersion": 2,
  "requires": true,
  "packages": {
    "": {
      "name": "imagedata-coder-stos",
      "version": "1.0.0",
      "license": "MIT",
      "dependencies": {
        "imagedata": "file:../imagedata",
        "imagedata-coder-bitplane": "file:../imagedata-coder-bitplane"
      }
    },
    "../imagedata": {
      "version": "1.0.0",
      "license": "MIT"
    },
    "../imagedata-coder-bitplane": {
      "version": "1.0.0",
      "license": "MIT",
      "dependencies": {
        "imagedata": "file:../imagedata"
      }
    },
    "../imagedata-helpers": {
      "version": "1.0.0",
      "extraneous": true,
      "license": "MIT"
    },
    "node_modules/imagedata": {
      "resolved": "../imagedata",
      "link": true
    },
    "node_modules/imagedata-coder-bitplane": {
      "resolved": "../imagedata-coder-bitplane",
      "link": true
    }
  },
  "dependencies": {
    "imagedata": {
      "version": "file:../imagedata"
    },
    "imagedata-coder-bitplane": {
      "version": "file:../imagedata-coder-bitplane",
      "requires": {
        "imagedata": "file:../imagedata"
      }
    }
  }
}
