{
  "name": "imagedata-coder-bitplane",
  "version": "1.0.0",
  "lockfileVersion": 2,
  "requires": true,
  "packages": {
    "": {
      "name": "imagedata-coder-bitplane",
      "version": "1.0.0",
      "license": "ISC",
      "peerDependencies": {
        "imagedata": "../imagedata"
      }
    },
    "../imagedata": {
      "version": "1.0.0",
      "license": "MIT",
      "peer": true
    },
    "../imagedata-helpers": {
      "version": "1.0.0",
      "extraneous": true,
      "license": "MIT"
    },
    "node_modules/imagedata": {
      "resolved": "../imagedata",
      "link": true
    }
  },
  "dependencies": {
    "imagedata": {
      "version": "file:../imagedata"
    }
  }
}
